PODS:
  - dsrv_wallet_sdk (0.9.2):
    - Flutter
  - Flutter (1.0.0)

DEPENDENCIES:
  - dsrv_wallet_sdk (from `.symlinks/plugins/dsrv_wallet_sdk/ios`)
  - Flutter (from `Flutter`)

EXTERNAL SOURCES:
  dsrv_wallet_sdk:
    :path: ".symlinks/plugins/dsrv_wallet_sdk/ios"
  Flutter:
    :path: Flutter

SPEC CHECKSUMS:
  dsrv_wallet_sdk: 333c2ca34b74732d0d74cfdafb340472eee996c6
  Flutter: cabc95a1d2626b1b06e7179b784ebcf0c0cde467

PODFILE CHECKSUM: 91e09b640dc9dd2f4f089f66b631cc68af4da144

COCOAPODS: 1.16.2
